
Microsoft Visual Studio Solution File, Format Version 12.00
# Visual Studio 15
VisualStudioVersion = 15.0.28010.2003
MinimumVisualStudioVersion = 10.0.40219.1
Project("{888888A0-9F3D-457C-B088-3A5042F75D52}") = "MapGenerator", "MapGenerator\MapGenerator.pyproj", "{F2FA4991-CF6C-42AB-BF79-EA700B6D178D}"
EndProject
Global
	GlobalSection(SolutionConfigurationPlatforms) = preSolution
		Debug|Any CPU = Debug|Any CPU
		Release|Any CPU = Release|Any CPU
	EndGlobalSection
	GlobalSection(ProjectConfigurationPlatforms) = postSolution
		{F2FA4991-CF6C-42AB-BF79-EA700B6D178D}.Debug|Any CPU.ActiveCfg = Debug|Any CPU
		{F2FA4991-CF6C-42AB-BF79-EA700B6D178D}.Release|Any CPU.ActiveCfg = Release|Any CPU
	EndGlobalSection
	GlobalSection(SolutionProperties) = preSolution
		HideSolutionNode = FALSE
	EndGlobalSection
	GlobalSection(ExtensibilityGlobals) = postSolution
		SolutionGuid = {C34D7A2A-D8CA-4062-B987-5226B41F7D32}
	EndGlobalSection
EndGlobal
